
Microsoft Visual Studio Solution File, Format Version 12.00
# Visual Studio 15
VisualStudioVersion = 15.0.28010.2036
MinimumVisualStudioVersion = 10.0.40219.1
Project("{FAE04EC0-301F-11D3-BF4B-00C04F79EFBC}") = "FacturaWS", "FacturaWS\FacturaWS.csproj", "{FA670BB9-FE46-4275-91D5-C6F18FFAE862}"
EndProject
Project("{FAE04EC0-301F-11D3-BF4B-00C04F79EFBC}") = "GesFactura", "GesFactura\GesFactura.csproj", "{D96B0785-8E9C-4209-B312-984DFBB301B8}"
	ProjectSection(ProjectDependencies) = postProject
		{FA670BB9-FE46-4275-91D5-C6F18FFAE862} = {FA670BB9-FE46-4275-91D5-C6F18FFAE862}
	EndProjectSection
EndProject
Global
	GlobalSection(SolutionConfigurationPlatforms) = preSolution
		Debug|Any CPU = Debug|Any CPU
		Release|Any CPU = Release|Any CPU
	EndGlobalSection
	GlobalSection(ProjectConfigurationPlatforms) = postSolution
		{FA670BB9-FE46-4275-91D5-C6F18FFAE862}.Debug|Any CPU.ActiveCfg = Debug|Any CPU
		{FA670BB9-FE46-4275-91D5-C6F18FFAE862}.Debug|Any CPU.Build.0 = Debug|Any CPU
		{FA670BB9-FE46-4275-91D5-C6F18FFAE862}.Release|Any CPU.ActiveCfg = Release|Any CPU
		{FA670BB9-FE46-4275-91D5-C6F18FFAE862}.Release|Any CPU.Build.0 = Release|Any CPU
		{D96B0785-8E9C-4209-B312-984DFBB301B8}.Debug|Any CPU.ActiveCfg = Debug|Any CPU
		{D96B0785-8E9C-4209-B312-984DFBB301B8}.Debug|Any CPU.Build.0 = Debug|Any CPU
		{D96B0785-8E9C-4209-B312-984DFBB301B8}.Release|Any CPU.ActiveCfg = Release|Any CPU
		{D96B0785-8E9C-4209-B312-984DFBB301B8}.Release|Any CPU.Build.0 = Release|Any CPU
	EndGlobalSection
	GlobalSection(SolutionProperties) = preSolution
		HideSolutionNode = FALSE
	EndGlobalSection
	GlobalSection(ExtensibilityGlobals) = postSolution
		SolutionGuid = {03850CEA-661B-44BF-9E83-E5CE5D40EF91}
	EndGlobalSection
EndGlobal
